// !$*UTF8*$!
{
	archiveVersion = 1;
	classes = {
	};
	objectVersion = 46;
	objects = {

/* Begin PBXBuildFile section */
		4537D6BB1D922B35009F33DD /* GoogleService-Info.plist in Resources */ = {isa = PBXBuildFile; fileRef = 4537D6BA1D922B35009F33DD /* GoogleService-Info.plist */; };
		4537D6BD1D922D0A009F33DD /* AppState.swift in Sources */ = {isa = PBXBuildFile; fileRef = 4537D6BC1D922D0A009F33DD /* AppState.swift */; };
		4537D6BF1D922D97009F33DD /* Contants.swift in Sources */ = {isa = PBXBuildFile; fileRef = 4537D6BE1D922D97009F33DD /* Contants.swift */; };
		453829931D94A84000881068 /* business-cards-database.png in Resources */ = {isa = PBXBuildFile; fileRef = 453829921D94A84000881068 /* business-cards-database.png */; };
		456143491D91C2DF007690B9 /* AppDelegate.swift in Sources */ = {isa = PBXBuildFile; fileRef = 456143481D91C2DF007690B9 /* AppDelegate.swift */; };
		4561434B1D91C2DF007690B9 /* LoginViewController.swift in Sources */ = {isa = PBXBuildFile; fileRef = 4561434A1D91C2DF007690B9 /* LoginViewController.swift */; };
		4561434E1D91C2DF007690B9 /* Main.storyboard in Resources */ = {isa = PBXBuildFile; fileRef = 4561434C1D91C2DF007690B9 /* Main.storyboard */; };
		456143501D91C2DF007690B9 /* Assets.xcassets in Resources */ = {isa = PBXBuildFile; fileRef = 4561434F1D91C2DF007690B9 /* Assets.xcassets */; };
		456143531D91C2DF007690B9 /* LaunchScreen.storyboard in Resources */ = {isa = PBXBuildFile; fileRef = 456143511D91C2DF007690B9 /* LaunchScreen.storyboard */; };
		4561435E1D91C2DF007690B9 /* CardlyTests.swift in Sources */ = {isa = PBXBuildFile; fileRef = 4561435D1D91C2DF007690B9 /* CardlyTests.swift */; };
		456143691D91C2DF007690B9 /* CardlyUITests.swift in Sources */ = {isa = PBXBuildFile; fileRef = 456143681D91C2DF007690B9 /* CardlyUITests.swift */; };
		458D59B51D9367D800CD1208 /* Exterior-30.png in Resources */ = {isa = PBXBuildFile; fileRef = 458D59B41D9367D800CD1208 /* Exterior-30.png */; };
		458D59B71D93680B00CD1208 /* HomeViewController.swift in Sources */ = {isa = PBXBuildFile; fileRef = 458D59B61D93680B00CD1208 /* HomeViewController.swift */; };
		458D59BB1D936D3800CD1208 /* BeaconListener.swift in Sources */ = {isa = PBXBuildFile; fileRef = 458D59BA1D936D3800CD1208 /* BeaconListener.swift */; };
/* End PBXBuildFile section */

/* Begin PBXContainerItemProxy section */
		4561435A1D91C2DF007690B9 /* PBXContainerItemProxy */ = {
			isa = PBXContainerItemProxy;
			containerPortal = 4561433D1D91C2DE007690B9 /* Project object */;
			proxyType = 1;
			remoteGlobalIDString = 456143441D91C2DE007690B9;
			remoteInfo = Cardly;
		};
		456143651D91C2DF007690B9 /* PBXContainerItemProxy */ = {
			isa = PBXContainerItemProxy;
			containerPortal = 4561433D1D91C2DE007690B9 /* Project object */;
			proxyType = 1;
			remoteGlobalIDString = 456143441D91C2DE007690B9;
			remoteInfo = Cardly;
		};
/* End PBXContainerItemProxy section */

/* Begin PBXFileReference section */
		4537D6BA1D922B35009F33DD /* GoogleService-Info.plist */ = {isa = PBXFileReference; fileEncoding = 4; lastKnownFileType = text.plist.xml; path = "GoogleService-Info.plist"; sourceTree = "<group>"; };
		4537D6BC1D922D0A009F33DD /* AppState.swift */ = {isa = PBXFileReference; fileEncoding = 4; lastKnownFileType = sourcecode.swift; path = AppState.swift; sourceTree = "<group>"; };
		4537D6BE1D922D97009F33DD /* Contants.swift */ = {isa = PBXFileReference; fileEncoding = 4; lastKnownFileType = sourcecode.swift; path = Contants.swift; sourceTree = "<group>"; };
		453829921D94A84000881068 /* business-cards-database.png */ = {isa = PBXFileReference; lastKnownFileType = image.png; path = "business-cards-database.png"; sourceTree = "<group>"; };
		456143451D91C2DF007690B9 /* Cardly.app */ = {isa = PBXFileReference; explicitFileType = wrapper.application; includeInIndex = 0; path = Cardly.app; sourceTree = BUILT_PRODUCTS_DIR; };
		456143481D91C2DF007690B9 /* AppDelegate.swift */ = {isa = PBXFileReference; lastKnownFileType = sourcecode.swift; path = AppDelegate.swift; sourceTree = "<group>"; };
		4561434A1D91C2DF007690B9 /* LoginViewController.swift */ = {isa = PBXFileReference; lastKnownFileType = sourcecode.swift; path = LoginViewController.swift; sourceTree = "<group>"; };
		4561434D1D91C2DF007690B9 /* Base */ = {isa = PBXFileReference; lastKnownFileType = file.storyboard; name = Base; path = Base.lproj/Main.storyboard; sourceTree = "<group>"; };
		4561434F1D91C2DF007690B9 /* Assets.xcassets */ = {isa = PBXFileReference; lastKnownFileType = folder.assetcatalog; path = Assets.xcassets; sourceTree = "<group>"; };
		456143521D91C2DF007690B9 /* Base */ = {isa = PBXFileReference; lastKnownFileType = file.storyboard; name = Base; path = Base.lproj/LaunchScreen.storyboard; sourceTree = "<group>"; };
		456143541D91C2DF007690B9 /* Info.plist */ = {isa = PBXFileReference; lastKnownFileType = text.plist.xml; path = Info.plist; sourceTree = "<group>"; };
		456143591D91C2DF007690B9 /* CardlyTests.xctest */ = {isa = PBXFileReference; explicitFileType = wrapper.cfbundle; includeInIndex = 0; path = CardlyTests.xctest; sourceTree = BUILT_PRODUCTS_DIR; };
		4561435D1D91C2DF007690B9 /* CardlyTests.swift */ = {isa = PBXFileReference; lastKnownFileType = sourcecode.swift; path = CardlyTests.swift; sourceTree = "<group>"; };
		4561435F1D91C2DF007690B9 /* Info.plist */ = {isa = PBXFileReference; lastKnownFileType = text.plist.xml; path = Info.plist; sourceTree = "<group>"; };
		456143641D91C2DF007690B9 /* CardlyUITests.xctest */ = {isa = PBXFileReference; explicitFileType = wrapper.cfbundle; includeInIndex = 0; path = CardlyUITests.xctest; sourceTree = BUILT_PRODUCTS_DIR; };
		456143681D91C2DF007690B9 /* CardlyUITests.swift */ = {isa = PBXFileReference; lastKnownFileType = sourcecode.swift; path = CardlyUITests.swift; sourceTree = "<group>"; };
		4561436A1D91C2DF007690B9 /* Info.plist */ = {isa = PBXFileReference; lastKnownFileType = text.plist.xml; path = Info.plist; sourceTree = "<group>"; };
		458D59B41D9367D800CD1208 /* Exterior-30.png */ = {isa = PBXFileReference; lastKnownFileType = image.png; path = "Exterior-30.png"; sourceTree = "<group>"; };
		458D59B61D93680B00CD1208 /* HomeViewController.swift */ = {isa = PBXFileReference; fileEncoding = 4; lastKnownFileType = sourcecode.swift; path = HomeViewController.swift; sourceTree = "<group>"; };
		458D59BA1D936D3800CD1208 /* BeaconListener.swift */ = {isa = PBXFileReference; fileEncoding = 4; lastKnownFileType = sourcecode.swift; path = BeaconListener.swift; sourceTree = "<group>"; };
		47A4BA372C6BF0BE27072830 /* Pods-CardlyUITests.release.xcconfig */ = {isa = PBXFileReference; includeInIndex = 1; lastKnownFileType = text.xcconfig; name = "Pods-CardlyUITests.release.xcconfig"; path = "Pods/Target Support Files/Pods-CardlyUITests/Pods-CardlyUITests.release.xcconfig"; sourceTree = "<group>"; };
		58469818394FDC2C24E0497B /* Pods-CardlyUITests.debug.xcconfig */ = {isa = PBXFileReference; includeInIndex = 1; lastKnownFileType = text.xcconfig; name = "Pods-CardlyUITests.debug.xcconfig"; path = "Pods/Target Support Files/Pods-CardlyUITests/Pods-CardlyUITests.debug.xcconfig"; sourceTree = "<group>"; };
		622BD7346AA59277B70C9C88 /* Pods-CardlyTests.release.xcconfig */ = {isa = PBXFileReference; includeInIndex = 1; lastKnownFileType = text.xcconfig; name = "Pods-CardlyTests.release.xcconfig"; path = "Pods/Target Support Files/Pods-CardlyTests/Pods-CardlyTests.release.xcconfig"; sourceTree = "<group>"; };
		BA5C32983BF88C27EA833E73 /* Pods-Cardly.release.xcconfig */ = {isa = PBXFileReference; includeInIndex = 1; lastKnownFileType = text.xcconfig; name = "Pods-Cardly.release.xcconfig"; path = "Pods/Target Support Files/Pods-Cardly/Pods-Cardly.release.xcconfig"; sourceTree = "<group>"; };
		C08F3B634AD09EA12E8414B8 /* Pods-CardlyTests.debug.xcconfig */ = {isa = PBXFileReference; includeInIndex = 1; lastKnownFileType = text.xcconfig; name = "Pods-CardlyTests.debug.xcconfig"; path = "Pods/Target Support Files/Pods-CardlyTests/Pods-CardlyTests.debug.xcconfig"; sourceTree = "<group>"; };
		ECBBAFF78B2D6651F90E7D23 /* Pods-Cardly.debug.xcconfig */ = {isa = PBXFileReference; includeInIndex = 1; lastKnownFileType = text.xcconfig; name = "Pods-Cardly.debug.xcconfig"; path = "Pods/Target Support Files/Pods-Cardly/Pods-Cardly.debug.xcconfig"; sourceTree = "<group>"; };
/* End PBXFileReference section */

/* Begin PBXFrameworksBuildPhase section */
		456143421D91C2DE007690B9 /* Frameworks */ = {
			isa = PBXFrameworksBuildPhase;
			buildActionMask = 2147483647;
			files = (
			);
			runOnlyForDeploymentPostprocessing = 0;
		};
		456143561D91C2DF007690B9 /* Frameworks */ = {
			isa = PBXFrameworksBuildPhase;
			buildActionMask = 2147483647;
			files = (
			);
			runOnlyForDeploymentPostprocessing = 0;
		};
		456143611D91C2DF007690B9 /* Frameworks */ = {
			isa = PBXFrameworksBuildPhase;
			buildActionMask = 2147483647;
			files = (
			);
			runOnlyForDeploymentPostprocessing = 0;
		};
/* End PBXFrameworksBuildPhase section */

/* Begin PBXGroup section */
		4561433C1D91C2DE007690B9 = {
			isa = PBXGroup;
			children = (
				456143471D91C2DF007690B9 /* Cardly */,
				4561435C1D91C2DF007690B9 /* CardlyTests */,
				456143671D91C2DF007690B9 /* CardlyUITests */,
				456143461D91C2DF007690B9 /* Products */,
				CAF99883245D53BFE68071B9 /* Pods */,
				537139A943C0CB48C9F9CB5E /* Frameworks */,
			);
			sourceTree = "<group>";
		};
		456143461D91C2DF007690B9 /* Products */ = {
			isa = PBXGroup;
			children = (
				456143451D91C2DF007690B9 /* Cardly.app */,
				456143591D91C2DF007690B9 /* CardlyTests.xctest */,
				456143641D91C2DF007690B9 /* CardlyUITests.xctest */,
			);
			name = Products;
			sourceTree = "<group>";
		};
		456143471D91C2DF007690B9 /* Cardly */ = {
			isa = PBXGroup;
			children = (
				456143481D91C2DF007690B9 /* AppDelegate.swift */,
				4561434A1D91C2DF007690B9 /* LoginViewController.swift */,
				458D59B61D93680B00CD1208 /* HomeViewController.swift */,
				458D59BA1D936D3800CD1208 /* BeaconListener.swift */,
				4537D6BC1D922D0A009F33DD /* AppState.swift */,
				4537D6BE1D922D97009F33DD /* Contants.swift */,
				4561434C1D91C2DF007690B9 /* Main.storyboard */,
				456143511D91C2DF007690B9 /* LaunchScreen.storyboard */,
				456143541D91C2DF007690B9 /* Info.plist */,
				4537D6BA1D922B35009F33DD /* GoogleService-Info.plist */,
				458D59B41D9367D800CD1208 /* Exterior-30.png */,
				453829921D94A84000881068 /* business-cards-database.png */,
				4561434F1D91C2DF007690B9 /* Assets.xcassets */,
			);
			path = Cardly;
			sourceTree = "<group>";
		};
		4561435C1D91C2DF007690B9 /* CardlyTests */ = {
			isa = PBXGroup;
			children = (
				4561435D1D91C2DF007690B9 /* CardlyTests.swift */,
				4561435F1D91C2DF007690B9 /* Info.plist */,
			);
			path = CardlyTests;
			sourceTree = "<group>";
		};
		456143671D91C2DF007690B9 /* CardlyUITests */ = {
			isa = PBXGroup;
			children = (
				456143681D91C2DF007690B9 /* CardlyUITests.swift */,
				4561436A1D91C2DF007690B9 /* Info.plist */,
			);
			path = CardlyUITests;
			sourceTree = "<group>";
		};
		537139A943C0CB48C9F9CB5E /* Frameworks */ = {
			isa = PBXGroup;
			children = (
			);
			name = Frameworks;
			sourceTree = "<group>";
		};
		CAF99883245D53BFE68071B9 /* Pods */ = {
			isa = PBXGroup;
			children = (
				ECBBAFF78B2D6651F90E7D23 /* Pods-Cardly.debug.xcconfig */,
				BA5C32983BF88C27EA833E73 /* Pods-Cardly.release.xcconfig */,
				C08F3B634AD09EA12E8414B8 /* Pods-CardlyTests.debug.xcconfig */,
				622BD7346AA59277B70C9C88 /* Pods-CardlyTests.release.xcconfig */,
				58469818394FDC2C24E0497B /* Pods-CardlyUITests.debug.xcconfig */,
				47A4BA372C6BF0BE27072830 /* Pods-CardlyUITests.release.xcconfig */,
			);
			name = Pods;
			sourceTree = "<group>";
		};
/* End PBXGroup section */

/* Begin PBXNativeTarget section */
		456143441D91C2DE007690B9 /* Cardly */ = {
			isa = PBXNativeTarget;
			buildConfigurationList = 4561436D1D91C2DF007690B9 /* Build configuration list for PBXNativeTarget "Cardly" */;
			buildPhases = (
				5D7DBC0E862509044B0566DC /* [CP] Check Pods Manifest.lock */,
				456143411D91C2DE007690B9 /* Sources */,
				456143421D91C2DE007690B9 /* Frameworks */,
				456143431D91C2DE007690B9 /* Resources */,
				E5D6674F9E58F82D222AC4FE /* [CP] Embed Pods Frameworks */,
				BC2C7E03CFD763C2F7888D14 /* [CP] Copy Pods Resources */,
			);
			buildRules = (
			);
			dependencies = (
			);
			name = Cardly;
			productName = Cardly;
			productReference = 456143451D91C2DF007690B9 /* Cardly.app */;
			productType = "com.apple.product-type.application";
		};
		456143581D91C2DF007690B9 /* CardlyTests */ = {
			isa = PBXNativeTarget;
			buildConfigurationList = 456143701D91C2DF007690B9 /* Build configuration list for PBXNativeTarget "CardlyTests" */;
			buildPhases = (
				81E97DA6909F6B8F7A2EEF96 /* [CP] Check Pods Manifest.lock */,
				456143551D91C2DF007690B9 /* Sources */,
				456143561D91C2DF007690B9 /* Frameworks */,
				456143571D91C2DF007690B9 /* Resources */,
				EBA841612B3FA453C59675C9 /* [CP] Embed Pods Frameworks */,
				0DE290C1D01B2E6B65C89662 /* [CP] Copy Pods Resources */,
			);
			buildRules = (
			);
			dependencies = (
				4561435B1D91C2DF007690B9 /* PBXTargetDependency */,
			);
			name = CardlyTests;
			productName = CardlyTests;
			productReference = 456143591D91C2DF007690B9 /* CardlyTests.xctest */;
			productType = "com.apple.product-type.bundle.unit-test";
		};
		456143631D91C2DF007690B9 /* CardlyUITests */ = {
			isa = PBXNativeTarget;
			buildConfigurationList = 456143731D91C2DF007690B9 /* Build configuration list for PBXNativeTarget "CardlyUITests" */;
			buildPhases = (
				BD23B2CE12A1A60349EF006D /* [CP] Check Pods Manifest.lock */,
				456143601D91C2DF007690B9 /* Sources */,
				456143611D91C2DF007690B9 /* Frameworks */,
				456143621D91C2DF007690B9 /* Resources */,
				9BE418FB306D47D0E80AD808 /* [CP] Copy Pods Resources */,
			);
			buildRules = (
			);
			dependencies = (
				456143661D91C2DF007690B9 /* PBXTargetDependency */,
			);
			name = CardlyUITests;
			productName = CardlyUITests;
			productReference = 456143641D91C2DF007690B9 /* CardlyUITests.xctest */;
			productType = "com.apple.product-type.bundle.ui-testing";
		};
/* End PBXNativeTarget section */

/* Begin PBXProject section */
		4561433D1D91C2DE007690B9 /* Project object */ = {
			isa = PBXProject;
			attributes = {
				LastSwiftUpdateCheck = 0800;
				LastUpgradeCheck = 0800;
				ORGANIZATIONNAME = QH4L;
				TargetAttributes = {
					456143441D91C2DE007690B9 = {
						CreatedOnToolsVersion = 8.0;
						DevelopmentTeam = GYH3TK45ZC;
						ProvisioningStyle = Automatic;
					};
					456143581D91C2DF007690B9 = {
						CreatedOnToolsVersion = 8.0;
						ProvisioningStyle = Automatic;
						TestTargetID = 456143441D91C2DE007690B9;
					};
					456143631D91C2DF007690B9 = {
						CreatedOnToolsVersion = 8.0;
						ProvisioningStyle = Automatic;
						TestTargetID = 456143441D91C2DE007690B9;
					};
				};
			};
			buildConfigurationList = 456143401D91C2DE007690B9 /* Build configuration list for PBXProject "Cardly" */;
			compatibilityVersion = "Xcode 3.2";
			developmentRegion = English;
			hasScannedForEncodings = 0;
			knownRegions = (
				en,
				Base,
			);
			mainGroup = 4561433C1D91C2DE007690B9;
			productRefGroup = 456143461D91C2DF007690B9 /* Products */;
			projectDirPath = "";
			projectRoot = "";
			targets = (
				456143441D91C2DE007690B9 /* Cardly */,
				456143581D91C2DF007690B9 /* CardlyTests */,
				456143631D91C2DF007690B9 /* CardlyUITests */,
			);
		};
/* End PBXProject section */

/* Begin PBXResourcesBuildPhase section */
		456143431D91C2DE007690B9 /* Resources */ = {
			isa = PBXResourcesBuildPhase;
			buildActionMask = 2147483647;
			files = (
				453829931D94A84000881068 /* business-cards-database.png in Resources */,
				456143531D91C2DF007690B9 /* LaunchScreen.storyboard in Resources */,
				4537D6BB1D922B35009F33DD /* GoogleService-Info.plist in Resources */,
				456143501D91C2DF007690B9 /* Assets.xcassets in Resources */,
				4561434E1D91C2DF007690B9 /* Main.storyboard in Resources */,
				458D59B51D9367D800CD1208 /* Exterior-30.png in Resources */,
			);
			runOnlyForDeploymentPostprocessing = 0;
		};
		456143571D91C2DF007690B9 /* Resources */ = {
			isa = PBXResourcesBuildPhase;
			buildActionMask = 2147483647;
			files = (
			);
			runOnlyForDeploymentPostprocessing = 0;
		};
		456143621D91C2DF007690B9 /* Resources */ = {
			isa = PBXResourcesBuildPhase;
			buildActionMask = 2147483647;
			files = (
			);
			runOnlyForDeploymentPostprocessing = 0;
		};
/* End PBXResourcesBuildPhase section */

/* Begin PBXShellScriptBuildPhase section */
		0DE290C1D01B2E6B65C89662 /* [CP] Copy Pods Resources */ = {
			isa = PBXShellScriptBuildPhase;
			buildActionMask = 2147483647;
			files = (
			);
			inputPaths = (
			);
			name = "[CP] Copy Pods Resources";
			outputPaths = (
			);
			runOnlyForDeploymentPostprocessing = 0;
			shellPath = /bin/sh;
			shellScript = "\"${SRCROOT}/Pods/Target Support Files/Pods-CardlyTests/Pods-CardlyTests-resources.sh\"\n";
			showEnvVarsInLog = 0;
		};
		5D7DBC0E862509044B0566DC /* [CP] Check Pods Manifest.lock */ = {
			isa = PBXShellScriptBuildPhase;
			buildActionMask = 2147483647;
			files = (
			);
			inputPaths = (
			);
			name = "[CP] Check Pods Manifest.lock";
			outputPaths = (
			);
			runOnlyForDeploymentPostprocessing = 0;
			shellPath = /bin/sh;
			shellScript = "diff \"${PODS_ROOT}/../Podfile.lock\" \"${PODS_ROOT}/Manifest.lock\" > /dev/null\nif [[ $? != 0 ]] ; then\n    cat << EOM\nerror: The sandbox is not in sync with the Podfile.lock. Run 'pod install' or update your CocoaPods installation.\nEOM\n    exit 1\nfi\n";
			showEnvVarsInLog = 0;
		};
		81E97DA6909F6B8F7A2EEF96 /* [CP] Check Pods Manifest.lock */ = {
			isa = PBXShellScriptBuildPhase;
			buildActionMask = 2147483647;
			files = (
			);
			inputPaths = (
			);
			name = "[CP] Check Pods Manifest.lock";
			outputPaths = (
			);
			runOnlyForDeploymentPostprocessing = 0;
			shellPath = /bin/sh;
			shellScript = "diff \"${PODS_ROOT}/../Podfile.lock\" \"${PODS_ROOT}/Manifest.lock\" > /dev/null\nif [[ $? != 0 ]] ; then\n    cat << EOM\nerror: The sandbox is not in sync with the Podfile.lock. Run 'pod install' or update your CocoaPods installation.\nEOM\n    exit 1\nfi\n";
			showEnvVarsInLog = 0;
		};
		9BE418FB306D47D0E80AD808 /* [CP] Copy Pods Resources */ = {
			isa = PBXShellScriptBuildPhase;
			buildActionMask = 2147483647;
			files = (
			);
			inputPaths = (
			);
			name = "[CP] Copy Pods Resources";
			outputPaths = (
			);
			runOnlyForDeploymentPostprocessing = 0;
			shellPath = /bin/sh;
			shellScript = "\"${SRCROOT}/Pods/Target Support Files/Pods-CardlyUITests/Pods-CardlyUITests-resources.sh\"\n";
			showEnvVarsInLog = 0;
		};
		BC2C7E03CFD763C2F7888D14 /* [CP] Copy Pods Resources */ = {
			isa = PBXShellScriptBuildPhase;
			buildActionMask = 2147483647;
			files = (
			);
			inputPaths = (
			);
			name = "[CP] Copy Pods Resources";
			outputPaths = (
			);
			runOnlyForDeploymentPostprocessing = 0;
			shellPath = /bin/sh;
			shellScript = "\"${SRCROOT}/Pods/Target Support Files/Pods-Cardly/Pods-Cardly-resources.sh\"\n";
			showEnvVarsInLog = 0;
		};
		BD23B2CE12A1A60349EF006D /* [CP] Check Pods Manifest.lock */ = {
			isa = PBXShellScriptBuildPhase;
			buildActionMask = 2147483647;
			files = (
			);
			inputPaths = (
			);
			name = "[CP] Check Pods Manifest.lock";
			outputPaths = (
			);
			runOnlyForDeploymentPostprocessing = 0;
			shellPath = /bin/sh;
			shellScript = "diff \"${PODS_ROOT}/../Podfile.lock\" \"${PODS_ROOT}/Manifest.lock\" > /dev/null\nif [[ $? != 0 ]] ; then\n    cat << EOM\nerror: The sandbox is not in sync with the Podfile.lock. Run 'pod install' or update your CocoaPods installation.\nEOM\n    exit 1\nfi\n";
			showEnvVarsInLog = 0;
		};
		E5D6674F9E58F82D222AC4FE /* [CP] Embed Pods Frameworks */ = {
			isa = PBXShellScriptBuildPhase;
			buildActionMask = 2147483647;
			files = (
			);
			inputPaths = (
			);
			name = "[CP] Embed Pods Frameworks";
			outputPaths = (
			);
			runOnlyForDeploymentPostprocessing = 0;
			shellPath = /bin/sh;
			shellScript = "\"${SRCROOT}/Pods/Target Support Files/Pods-Cardly/Pods-Cardly-frameworks.sh\"\n";
			showEnvVarsInLog = 0;
		};
		EBA841612B3FA453C59675C9 /* [CP] Embed Pods Frameworks */ = {
			isa = PBXShellScriptBuildPhase;
			buildActionMask = 2147483647;
			files = (
			);
			inputPaths = (
			);
			name = "[CP] Embed Pods Frameworks";
			outputPaths = (
			);
			runOnlyForDeploymentPostprocessing = 0;
			shellPath = /bin/sh;
			shellScript = "\"${SRCROOT}/Pods/Target Support Files/Pods-CardlyTests/Pods-CardlyTests-frameworks.sh\"\n";
			showEnvVarsInLog = 0;
		};
/* End PBXShellScriptBuildPhase section */

/* Begin PBXSourcesBuildPhase section */
		456143411D91C2DE007690B9 /* Sources */ = {
			isa = PBXSourcesBuildPhase;
			buildActionMask = 2147483647;
			files = (
				458D59B71D93680B00CD1208 /* HomeViewController.swift in Sources */,
				4537D6BD1D922D0A009F33DD /* AppState.swift in Sources */,
				458D59BB1D936D3800CD1208 /* BeaconListener.swift in Sources */,
				4561434B1D91C2DF007690B9 /* LoginViewController.swift in Sources */,
				456143491D91C2DF007690B9 /* AppDelegate.swift in Sources */,
				4537D6BF1D922D97009F33DD /* Contants.swift in Sources */,
			);
			runOnlyForDeploymentPostprocessing = 0;
		};
		456143551D91C2DF007690B9 /* Sources */ = {
			isa = PBXSourcesBuildPhase;
			buildActionMask = 2147483647;
			files = (
				4561435E1D91C2DF007690B9 /* CardlyTests.swift in Sources */,
			);
			runOnlyForDeploymentPostprocessing = 0;
		};
		456143601D91C2DF007690B9 /* Sources */ = {
			isa = PBXSourcesBuildPhase;
			buildActionMask = 2147483647;
			files = (
				456143691D91C2DF007690B9 /* CardlyUITests.swift in Sources */,
			);
			runOnlyForDeploymentPostprocessing = 0;
		};
/* End PBXSourcesBuildPhase section */

/* Begin PBXTargetDependency section */
		4561435B1D91C2DF007690B9 /* PBXTargetDependency */ = {
			isa = PBXTargetDependency;
			target = 456143441D91C2DE007690B9 /* Cardly */;
			targetProxy = 4561435A1D91C2DF007690B9 /* PBXContainerItemProxy */;
		};
		456143661D91C2DF007690B9 /* PBXTargetDependency */ = {
			isa = PBXTargetDependency;
			target = 456143441D91C2DE007690B9 /* Cardly */;
			targetProxy = 456143651D91C2DF007690B9 /* PBXContainerItemProxy */;
		};
/* End PBXTargetDependency section */

/* Begin PBXVariantGroup section */
		4561434C1D91C2DF007690B9 /* Main.storyboard */ = {
			isa = PBXVariantGroup;
			children = (
				4561434D1D91C2DF007690B9 /* Base */,
			);
			name = Main.storyboard;
			sourceTree = "<group>";
		};
		456143511D91C2DF007690B9 /* LaunchScreen.storyboard */ = {
			isa = PBXVariantGroup;
			children = (
				456143521D91C2DF007690B9 /* Base */,
			);
			name = LaunchScreen.storyboard;
			sourceTree = "<group>";
		};
/* End PBXVariantGroup section */

/* Begin XCBuildConfiguration section */
		4561436B1D91C2DF007690B9 /* Debug */ = {
			isa = XCBuildConfiguration;
			buildSettings = {
				ALWAYS_SEARCH_USER_PATHS = NO;
				CLANG_ANALYZER_NONNULL = YES;
				CLANG_CXX_LANGUAGE_STANDARD = "gnu++0x";
				CLANG_CXX_LIBRARY = "libc++";
				CLANG_ENABLE_MODULES = YES;
				CLANG_ENABLE_OBJC_ARC = YES;
				CLANG_WARN_BOOL_CONVERSION = YES;
				CLANG_WARN_CONSTANT_CONVERSION = YES;
				CLANG_WARN_DIRECT_OBJC_ISA_USAGE = YES_ERROR;
				CLANG_WARN_DOCUMENTATION_COMMENTS = YES;
				CLANG_WARN_EMPTY_BODY = YES;
				CLANG_WARN_ENUM_CONVERSION = YES;
				CLANG_WARN_INFINITE_RECURSION = YES;
				CLANG_WARN_INT_CONVERSION = YES;
				CLANG_WARN_OBJC_ROOT_CLASS = YES_ERROR;
				CLANG_WARN_SUSPICIOUS_MOVE = YES;
				CLANG_WARN_SUSPICIOUS_MOVES = YES;
				CLANG_WARN_UNREACHABLE_CODE = YES;
				CLANG_WARN__DUPLICATE_METHOD_MATCH = YES;
				"CODE_SIGN_IDENTITY[sdk=iphoneos*]" = "iPhone Developer";
				COPY_PHASE_STRIP = NO;
				DEBUG_INFORMATION_FORMAT = dwarf;
				ENABLE_STRICT_OBJC_MSGSEND = YES;
				ENABLE_TESTABILITY = YES;
				GCC_C_LANGUAGE_STANDARD = gnu99;
				GCC_DYNAMIC_NO_PIC = NO;
				GCC_NO_COMMON_BLOCKS = YES;
				GCC_OPTIMIZATION_LEVEL = 0;
				GCC_PREPROCESSOR_DEFINITIONS = (
					"DEBUG=1",
					"$(inherited)",
				);
				GCC_WARN_64_TO_32_BIT_CONVERSION = YES;
				GCC_WARN_ABOUT_RETURN_TYPE = YES_ERROR;
				GCC_WARN_UNDECLARED_SELECTOR = YES;
				GCC_WARN_UNINITIALIZED_AUTOS = YES_AGGRESSIVE;
				GCC_WARN_UNUSED_FUNCTION = YES;
				GCC_WARN_UNUSED_VARIABLE = YES;
				IPHONEOS_DEPLOYMENT_TARGET = 10.0;
				MTL_ENABLE_DEBUG_INFO = YES;
				ONLY_ACTIVE_ARCH = YES;
				SDKROOT = iphoneos;
				SWIFT_ACTIVE_COMPILATION_CONDITIONS = DEBUG;
				SWIFT_OPTIMIZATION_LEVEL = "-Onone";
				TARGETED_DEVICE_FAMILY = "1,2";
			};
			name = Debug;
		};
		4561436C1D91C2DF007690B9 /* Release */ = {
			isa = XCBuildConfiguration;
			buildSettings = {
				ALWAYS_SEARCH_USER_PATHS = NO;
				CLANG_ANALYZER_NONNULL = YES;
				CLANG_CXX_LANGUAGE_STANDARD = "gnu++0x";
				CLANG_CXX_LIBRARY = "libc++";
				CLANG_ENABLE_MODULES = YES;
				CLANG_ENABLE_OBJC_ARC = YES;
				CLANG_WARN_BOOL_CONVERSION = YES;
				CLANG_WARN_CONSTANT_CONVERSION = YES;
				CLANG_WARN_DIRECT_OBJC_ISA_USAGE = YES_ERROR;
				CLANG_WARN_DOCUMENTATION_COMMENTS = YES;
				CLANG_WARN_EMPTY_BODY = YES;
				CLANG_WARN_ENUM_CONVERSION = YES;
				CLANG_WARN_INFINITE_RECURSION = YES;
				CLANG_WARN_INT_CONVERSION = YES;
				CLANG_WARN_OBJC_ROOT_CLASS = YES_ERROR;
				CLANG_WARN_SUSPICIOUS_MOVE = YES;
				CLANG_WARN_SUSPICIOUS_MOVES = YES;
				CLANG_WARN_UNREACHABLE_CODE = YES;
				CLANG_WARN__DUPLICATE_METHOD_MATCH = YES;
				"CODE_SIGN_IDENTITY[sdk=iphoneos*]" = "iPhone Developer";
				COPY_PHASE_STRIP = NO;
				DEBUG_INFORMATION_FORMAT = "dwarf-with-dsym";
				ENABLE_NS_ASSERTIONS = NO;
				ENABLE_STRICT_OBJC_MSGSEND = YES;
				GCC_C_LANGUAGE_STANDARD = gnu99;
				GCC_NO_COMMON_BLOCKS = YES;
				GCC_WARN_64_TO_32_BIT_CONVERSION = YES;
				GCC_WARN_ABOUT_RETURN_TYPE = YES_ERROR;
				GCC_WARN_UNDECLARED_SELECTOR = YES;
				GCC_WARN_UNINITIALIZED_AUTOS = YES_AGGRESSIVE;
				GCC_WARN_UNUSED_FUNCTION = YES;
				GCC_WARN_UNUSED_VARIABLE = YES;
				IPHONEOS_DEPLOYMENT_TARGET = 10.0;
				MTL_ENABLE_DEBUG_INFO = NO;
				SDKROOT = iphoneos;
				SWIFT_OPTIMIZATION_LEVEL = "-Owholemodule";
				TARGETED_DEVICE_FAMILY = "1,2";
				VALIDATE_PRODUCT = YES;
			};
			name = Release;
		};
		4561436E1D91C2DF007690B9 /* Debug */ = {
			isa = XCBuildConfiguration;
			baseConfigurationReference = ECBBAFF78B2D6651F90E7D23 /* Pods-Cardly.debug.xcconfig */;
			buildSettings = {
				ASSETCATALOG_COMPILER_APPICON_NAME = AppIcon;
				DEVELOPMENT_TEAM = GYH3TK45ZC;
				INFOPLIST_FILE = Cardly/Info.plist;
				IPHONEOS_DEPLOYMENT_TARGET = 10.0;
				LD_RUNPATH_SEARCH_PATHS = "$(inherited) @executable_path/Frameworks";
				PRODUCT_BUNDLE_IDENTIFIER = com.qh4l.Cardly;
				PRODUCT_NAME = "$(TARGET_NAME)";
				SWIFT_VERSION = 3.0;
				TARGETED_DEVICE_FAMILY = 1;
			};
			name = Debug;
		};
		4561436F1D91C2DF007690B9 /* Release */ = {
			isa = XCBuildConfiguration;
			baseConfigurationReference = BA5C32983BF88C27EA833E73 /* Pods-Cardly.release.xcconfig */;
			buildSettings = {
				ASSETCATALOG_COMPILER_APPICON_NAME = AppIcon;
				DEVELOPMENT_TEAM = GYH3TK45ZC;
				INFOPLIST_FILE = Cardly/Info.plist;
				IPHONEOS_DEPLOYMENT_TARGET = 10.0;
				LD_RUNPATH_SEARCH_PATHS = "$(inherited) @executable_path/Frameworks";
				PRODUCT_BUNDLE_IDENTIFIER = com.qh4l.Cardly;
				PRODUCT_NAME = "$(TARGET_NAME)";
				SWIFT_VERSION = 3.0;
				TARGETED_DEVICE_FAMILY = 1;
			};
			name = Release;
		};
		456143711D91C2DF007690B9 /* Debug */ = {
			isa = XCBuildConfiguration;
			baseConfigurationReference = C08F3B634AD09EA12E8414B8 /* Pods-CardlyTests.debug.xcconfig */;
			buildSettings = {
				ALWAYS_EMBED_SWIFT_STANDARD_LIBRARIES = YES;
				BUNDLE_LOADER = "$(TEST_HOST)";
				FRAMEWORK_SEARCH_PATHS = "";
				HEADER_SEARCH_PATHS = (
					"$(inherited)",
					"\"${PODS_ROOT}/Headers/Public\"",
					"\"${PODS_ROOT}/Headers/Public/Firebase\"",
					"\"${PODS_ROOT}/Headers/Public/FirebaseAnalytics\"",
					"\"${PODS_ROOT}/Headers/Public/FirebaseAuth\"",
					"\"${PODS_ROOT}/Headers/Public/FirebaseDatabase\"",
					"\"${PODS_ROOT}/Headers/Public/FirebaseInstanceID\"",
					"\"${PODS_ROOT}/Headers/Public/GoogleInterchangeUtilities\"",
					"\"${PODS_ROOT}/Headers/Public/GoogleNetworkingUtilities\"",
					"\"${PODS_ROOT}/Headers/Public/GoogleSymbolUtilities\"",
					"\"${PODS_ROOT}/Headers/Public/GoogleUtilities\"",
				);
				INFOPLIST_FILE = CardlyTests/Info.plist;
				LD_RUNPATH_SEARCH_PATHS = "$(inherited) @executable_path/Frameworks @loader_path/Frameworks";
				PRODUCT_BUNDLE_IDENTIFIER = com.qh4l.CardlyTests;
				PRODUCT_NAME = "$(TARGET_NAME)";
				SWIFT_VERSION = 3.0;
				TEST_HOST = "$(BUILT_PRODUCTS_DIR)/Cardly.app/Cardly";
			};
			name = Debug;
		};
		456143721D91C2DF007690B9 /* Release */ = {
			isa = XCBuildConfiguration;
			baseConfigurationReference = 622BD7346AA59277B70C9C88 /* Pods-CardlyTests.release.xcconfig */;
			buildSettings = {
				ALWAYS_EMBED_SWIFT_STANDARD_LIBRARIES = YES;
				BUNDLE_LOADER = "$(TEST_HOST)";
				FRAMEWORK_SEARCH_PATHS = "";
				HEADER_SEARCH_PATHS = (
					"$(inherited)",
					"\"${PODS_ROOT}/Headers/Public\"",
					"\"${PODS_ROOT}/Headers/Public/Firebase\"",
					"\"${PODS_ROOT}/Headers/Public/FirebaseAnalytics\"",
					"\"${PODS_ROOT}/Headers/Public/FirebaseAuth\"",
					"\"${PODS_ROOT}/Headers/Public/FirebaseDatabase\"",
					"\"${PODS_ROOT}/Headers/Public/FirebaseInstanceID\"",
					"\"${PODS_ROOT}/Headers/Public/GoogleInterchangeUtilities\"",
					"\"${PODS_ROOT}/Headers/Public/GoogleNetworkingUtilities\"",
					"\"${PODS_ROOT}/Headers/Public/GoogleSymbolUtilities\"",
					"\"${PODS_ROOT}/Headers/Public/GoogleUtilities\"",
				);
				INFOPLIST_FILE = CardlyTests/Info.plist;
				LD_RUNPATH_SEARCH_PATHS = "$(inherited) @executable_path/Frameworks @loader_path/Frameworks";
				PRODUCT_BUNDLE_IDENTIFIER = com.qh4l.CardlyTests;
				PRODUCT_NAME = "$(TARGET_NAME)";
				SWIFT_VERSION = 3.0;
				TEST_HOST = "$(BUILT_PRODUCTS_DIR)/Cardly.app/Cardly";
			};
			name = Release;
		};
		456143741D91C2DF007690B9 /* Debug */ = {
			isa = XCBuildConfiguration;
			baseConfigurationReference = 58469818394FDC2C24E0497B /* Pods-CardlyUITests.debug.xcconfig */;
			buildSettings = {
				ALWAYS_EMBED_SWIFT_STANDARD_LIBRARIES = YES;
				INFOPLIST_FILE = CardlyUITests/Info.plist;
				LD_RUNPATH_SEARCH_PATHS = "$(inherited) @executable_path/Frameworks @loader_path/Frameworks";
				PRODUCT_BUNDLE_IDENTIFIER = com.qh4l.CardlyUITests;
				PRODUCT_NAME = "$(TARGET_NAME)";
				SWIFT_VERSION = 3.0;
				TEST_TARGET_NAME = Cardly;
			};
			name = Debug;
		};
		456143751D91C2DF007690B9 /* Release */ = {
			isa = XCBuildConfiguration;
			baseConfigurationReference = 47A4BA372C6BF0BE27072830 /* Pods-CardlyUITests.release.xcconfig */;
			buildSettings = {
				ALWAYS_EMBED_SWIFT_STANDARD_LIBRARIES = YES;
				INFOPLIST_FILE = CardlyUITests/Info.plist;
				LD_RUNPATH_SEARCH_PATHS = "$(inherited) @executable_path/Frameworks @loader_path/Frameworks";
				PRODUCT_BUNDLE_IDENTIFIER = com.qh4l.CardlyUITests;
				PRODUCT_NAME = "$(TARGET_NAME)";
				SWIFT_VERSION = 3.0;
				TEST_TARGET_NAME = Cardly;
			};
			name = Release;
		};
/* End XCBuildConfiguration section */

/* Begin XCConfigurationList section */
		456143401D91C2DE007690B9 /* Build configuration list for PBXProject "Cardly" */ = {
			isa = XCConfigurationList;
			buildConfigurations = (
				4561436B1D91C2DF007690B9 /* Debug */,
				4561436C1D91C2DF007690B9 /* Release */,
			);
			defaultConfigurationIsVisible = 0;
			defaultConfigurationName = Release;
		};
		4561436D1D91C2DF007690B9 /* Build configuration list for PBXNativeTarget "Cardly" */ = {
			isa = XCConfigurationList;
			buildConfigurations = (
				4561436E1D91C2DF007690B9 /* Debug */,
				4561436F1D91C2DF007690B9 /* Release */,
			);
			defaultConfigurationIsVisible = 0;
			defaultConfigurationName = Release;
		};
		456143701D91C2DF007690B9 /* Build configuration list for PBXNativeTarget "CardlyTests" */ = {
			isa = XCConfigurationList;
			buildConfigurations = (
				456143711D91C2DF007690B9 /* Debug */,
				456143721D91C2DF007690B9 /* Release */,
			);
			defaultConfigurationIsVisible = 0;
			defaultConfigurationName = Release;
		};
		456143731D91C2DF007690B9 /* Build configuration list for PBXNativeTarget "CardlyUITests" */ = {
			isa = XCConfigurationList;
			buildConfigurations = (
				456143741D91C2DF007690B9 /* Debug */,
				456143751D91C2DF007690B9 /* Release */,
			);
			defaultConfigurationIsVisible = 0;
			defaultConfigurationName = Release;
		};
/* End XCConfigurationList section */
	};
	rootObject = 4561433D1D91C2DE007690B9 /* Project object */;
}
